{
  "version": "5",
  "specifiers": {
    "jsr:@mcpbay/contexts-manager@*": "1.1.3",
    "jsr:@mcpbay/contexts-manager@^1.1.3": "1.1.3",
    "jsr:@mcpbay/easy-mcp-server@*": "1.2.2",
    "jsr:@mcpbay/easy-mcp-server@^1.2.2": "1.2.2",
    "jsr:@online/get-string-uid@^1.0.1": "1.0.1",
    "jsr:@online/is@^0.0.6": "0.0.6",
    "jsr:@std/assert@^1.0.19": "1.0.19",
    "jsr:@std/data-structures@^1.1.0": "1.1.0",
    "jsr:@std/dotenv@~0.225.7": "0.225.7",
    "jsr:@std/fs@^1.0.24": "1.0.24",
    "jsr:@std/internal@^1.0.12": "1.0.14",
    "jsr:@std/internal@^1.0.14": "1.0.14",
    "jsr:@std/path@*": "1.1.5",
    "jsr:@std/path@^1.1.5": "1.1.5",
    "jsr:@std/testing@^1.0.19": "1.0.19",
    "npm:@jsr/mcpbay__easy-mcp-server@^1.2.2": "1.2.2",
    "npm:@jsr/online__is@^0.0.6": "0.0.6",
    "npm:@jsr/online__runtime@~0.1.2": "0.1.2",
    "npm:@jsr/std__path@^1.1.5": "1.1.5",
    "npm:@jsr/std__yaml@^1.1.1": "1.1.1",
    "npm:ai@^6.0.168": "6.0.199_zod@4.4.3",
    "npm:commander@15": "15.0.0",
    "npm:semver@^7.8.4": "7.8.4",
    "npm:zod@^4.4.3": "4.4.3"
  },
  "jsr": {
    "@mcpbay/contexts-manager@1.1.3": {
      "integrity": "9a05f1ea5dbac6fdea970abc9411d68edf257e6e9bb38c0e2643af61ec99eb70",
      "dependencies": [
        "npm:@jsr/mcpbay__easy-mcp-server",
        "npm:@jsr/online__is",
        "npm:@jsr/online__runtime",
        "npm:@jsr/std__path",
        "npm:@jsr/std__yaml",
        "npm:ai",
        "npm:zod"
      ]
    },
    "@mcpbay/easy-mcp-server@1.2.2": {
      "integrity": "7310ff43deeb62319bf3d0064bf781fbbee6ba825c5e5b8e3bc1241465e3408a",
      "dependencies": [
        "jsr:@online/get-string-uid",
        "jsr:@online/is"
      ]
    },
    "@online/get-string-uid@1.0.1": {
      "integrity": "3b9760d4fa21d19843f9e9d4535e50d6b0f56a77d085bacbdde69dd2317012e9"
    },
    "@online/is@0.0.6": {
      "integrity": "1a9b1bca1ce365d60d164f3cfed6b5b6082933ab3ae1f755b03b59f60c121817"
    },
    "@std/assert@1.0.19": {
      "integrity": "eaada96ee120cb980bc47e040f82814d786fe8162ecc53c91d8df60b8755991e",
      "dependencies": [
        "jsr:@std/internal@^1.0.12"
      ]
    },
    "@std/data-structures@1.1.0": {
      "integrity": "c35ae4ad5d8e41a38573c2fe3e19b18ea2505f63cfea201edcb8720aca1f7f58"
    },
    "@std/dotenv@0.225.7": {
      "integrity": "11d8db03ca4ad5aba9eba809f2e8058b2a4f320b7b09fea4b360e162928329e3"
    },
    "@std/fs@1.0.24": {
      "integrity": "f3061b45b81673a2bece689da041df32d174be064c89eb6397fb5718d3fb7877",
      "dependencies": [
        "jsr:@std/path@^1.1.5"
      ]
    },
    "@std/internal@1.0.14": {
      "integrity": "291516b3d4c35024d6ffbc0a9df5bf4c64116e05b50012cf846710152d2ffdf7"
    },
    "@std/path@1.1.5": {
      "integrity": "ccea00982ea28c36becaf6e62f855406c76a8c32d462f66f415bbb7d83a271bc",
      "dependencies": [
        "jsr:@std/internal@^1.0.14"
      ]
    },
    "@std/testing@1.0.19": {
      "integrity": "f4236172365b216728dc3cc8b5e80a9f4c33083d1e4ede7613d5b25b4014898e",
      "dependencies": [
        "jsr:@std/assert",
        "jsr:@std/data-structures",
        "jsr:@std/fs",
        "jsr:@std/internal@^1.0.14",
        "jsr:@std/path@^1.1.5"
      ]
    }
  },
  "npm": {
    "@ai-sdk/gateway@3.0.127_zod@4.4.3": {
      "integrity": "sha512-Obmw5hmE5x+ccRrMp/Djx5r0rpFVX87YqE6OY06g5fwYlRI30dA84ARfTzX45ivCvkW4eCnBpOVXVWQ/pjH85w==",
      "dependencies": [
        "@ai-sdk/provider",
        "@ai-sdk/provider-utils",
        "@vercel/oidc",
        "zod"
      ]
    },
    "@ai-sdk/provider-utils@4.0.27_zod@4.4.3": {
      "integrity": "sha512-ubkAJ+xODouwtmN1tYlvTPphH1hPOBfZaEQe8U7skGvFAnIRs9PPpsq57bC2+Ky/MB4yzhd6YOsxTAx9sGpazw==",
      "dependencies": [
        "@ai-sdk/provider",
        "@standard-schema/spec",
        "eventsource-parser",
        "zod"
      ]
    },
    "@ai-sdk/provider@3.0.10": {
      "integrity": "sha512-Q3BZ27qfpYqnCYGvE3vt+Qi6LGOF9R5Nmzn+9JoM1lCRsD9mYaIhfJLkSunN48nfGXJ6n+XNV0J/XVpqGQl7Dw==",
      "dependencies": [
        "json-schema"
      ]
    },
    "@jsr/mcpbay__easy-mcp-server@1.2.2": {
      "integrity": "sha512-Q8Vi2HYS2zPUHa4QNBZd5Gx9Fi8BXkByMjlr0XsBCiP4aMq1mVa8wx8Fc0thjb0cliDCJwT0GzVZmRGa8Ag6Zw==",
      "dependencies": [
        "@jsr/online__get-string-uid",
        "@jsr/online__is"
      ],
      "tarball": "https://npm.jsr.io/~/11/@jsr/mcpbay__easy-mcp-server/1.2.2.tgz"
    },
    "@jsr/online__get-string-uid@1.0.1": {
      "integrity": "sha512-ldY+okKUwFjG9itasNMQaS5PXSTo3VJV6sZgJn5f8dgaiFMwE0IxWi3xzKeT3+3EQlgyd/bIe2iI0yA1wfeniQ==",
      "tarball": "https://npm.jsr.io/~/11/@jsr/online__get-string-uid/1.0.1.tgz"
    },
    "@jsr/online__is@0.0.6": {
      "integrity": "sha512-+uhuYWrP1AIOJMTPdIw18M7c8HJ5H1Pbt1DlZDmFeuxjNgO8euLmqcxFLu/1CeyWMGeJFEZ8c8e/6cw6X3z6vg==",
      "tarball": "https://npm.jsr.io/~/11/@jsr/online__is/0.0.6.tgz"
    },
    "@jsr/online__runtime@0.1.2": {
      "integrity": "sha512-tybqySKULKzHGNFHpHK/hvpnm8226IuVocaON+Fb+ug3qs5aCkEouCWZkJ3Y19jOFOuZq7KEIibDJmSbsjALdg==",
      "tarball": "https://npm.jsr.io/~/11/@jsr/online__runtime/0.1.2.tgz"
    },
    "@jsr/std__internal@1.0.14": {
      "integrity": "sha512-JT8b/t40WcR9q0GDwRZUooY7aXeXnFal8iidE/5TckdAFtvpVAsaJ71/Xgf1SfoChs41s6CZkuCYM8toaNgdvA==",
      "tarball": "https://npm.jsr.io/~/11/@jsr/std__internal/1.0.14.tgz"
    },
    "@jsr/std__path@1.1.5": {
      "integrity": "sha512-3z/0rfvMEz6qiiaZ3quFpEv8BbWQgcpd+ASX29WEdecyJsdPN9uViQf1VxIua265cmGCdICk0WghMjGFoNZ5Ig==",
      "dependencies": [
        "@jsr/std__internal"
      ],
      "tarball": "https://npm.jsr.io/~/11/@jsr/std__path/1.1.5.tgz"
    },
    "@jsr/std__yaml@1.1.1": {
      "integrity": "sha512-OLgQ32rFaP5rFMOKorRnlvPgaxyUbd+ORpITxVUY2iy2ROVBtHHIJ4J7vRb7U1pMLorlGJVqCpga3DowyGV+cg==",
      "tarball": "https://npm.jsr.io/~/11/@jsr/std__yaml/1.1.1.tgz"
    },
    "@opentelemetry/api@1.9.1": {
      "integrity": "sha512-gLyJlPHPZYdAk1JENA9LeHejZe1Ti77/pTeFm/nMXmQH/HFZlcS/O2XJB+L8fkbrNSqhdtlvjBVjxwUYanNH5Q=="
    },
    "@standard-schema/spec@1.1.0": {
      "integrity": "sha512-l2aFy5jALhniG5HgqrD6jXLi/rUWrKvqN/qJx6yoJsgKhblVd+iqqU4RCXavm/jPityDo5TCvKMnpjKnOriy0w=="
    },
    "@vercel/oidc@3.2.0": {
      "integrity": "sha512-UycprH3T6n3jH0k44NHMa7pnFHGu/N05MjojYr+Mc6I7obkoLIJujSWwin1pCvdy/eOxrI/l3uDLQsmcrOb4ug=="
    },
    "ai@6.0.199_zod@4.4.3": {
      "integrity": "sha512-6H9RPEjzBQECM+eU1JxAh6jHcZPU/6q5QZ8D8QV8agubf0Mm/kcBlwqrFcFtup6RQzmEvMkVaQOoLCZ8bQ13lA==",
      "dependencies": [
        "@ai-sdk/gateway",
        "@ai-sdk/provider",
        "@ai-sdk/provider-utils",
        "@opentelemetry/api",
        "zod"
      ]
    },
    "commander@15.0.0": {
      "integrity": "sha512-z67u4ZhzCL/Tydu1lJARtEZYWbWaN7oYLHbsuzocr6y4N6WZAagG3RQ4FW61V1/0+jImpj293XfrcYnd1qxtPg=="
    },
    "eventsource-parser@3.1.0": {
      "integrity": "sha512-kJezFj9YFAMLeORyi7aCLxLbD5/qWMQnoMVlVPyHIll7lgRJCc3JVln9Vgl9nwQi0YkMnhdGTMNn7CkRRAptMg=="
    },
    "json-schema@0.4.0": {
      "integrity": "sha512-es94M3nTIfsEPisRafak+HDLfHXnKBhV3vU5eqPcS3flIWqcxJWgXHXiey3YrpaNsanY5ei1VoYEbOzijuq9BA=="
    },
    "semver@7.8.4": {
      "integrity": "sha512-rUCObTnP32Q08R2uuIrt7r9PlEonuTmtuXYcW6s5kjdlj3xbnwe+21yXptAUYcMAABLkYYTtnmzb3w3EDZfueA==",
      "bin": true
    },
    "zod@4.4.3": {
      "integrity": "sha512-ytENFjIJFl2UwYglde2jchW2Hwm4GJFLDiSXWdTrJQBIN9Fcyp7n4DhxJEiWNAJMV1/BqWfW/kkg71UDcHJyTQ=="
    }
  },
  "workspace": {
    "dependencies": [
      "jsr:@mcpbay/contexts-manager@^1.1.3",
      "jsr:@mcpbay/easy-mcp-server@^1.2.2",
      "jsr:@online/get-string-uid@^1.0.1",
      "jsr:@online/is@^0.0.6",
      "jsr:@std/assert@^1.0.19",
      "jsr:@std/dotenv@~0.225.7",
      "jsr:@std/path@^1.1.5",
      "jsr:@std/testing@^1.0.19",
      "npm:commander@15",
      "npm:semver@^7.8.4"
    ]
  }
}
